{
  "name": "kwww-frontend",
  "version": "1.0.0",
  "lockfileVersion": 1,
  "requires": true,
  "dependencies": {
    "ap": {
      "version": "0.1.0",
      "resolved": "https://registry.npmjs.org/ap/-/ap-0.1.0.tgz",
      "integrity": "sha1-2KPyZhU3k5ihtTymzBpmag+/4VA="
    },
    "async-cache": {
      "version": "1.1.0",
      "resolved": "https://registry.npmjs.org/async-cache/-/async-cache-1.1.0.tgz",
      "integrity": "sha1-SppaidBl7F2OUlS9nulrp2xTK1o=",
      "requires": {
        "lru-cache": "4.1.1"
      }
    },
    "bl": {
      "version": "1.2.1",
      "resolved": "https://registry.npmjs.org/bl/-/bl-1.2.1.tgz",
      "integrity": "sha1-ysMo977kVzDUBLaSID/LWQ4XLV4=",
      "requires": {
        "readable-stream": "2.3.3"
      }
    },
    "body": {
      "version": "0.1.0",
      "resolved": "https://registry.npmjs.org/body/-/body-0.1.0.tgz",
      "integrity": "sha1-5xT+KM2ISKo0zfLJ8kK74uFdHNg=",
      "requires": {
        "content-types": "0.1.0"
      }
    },
    "cloud-env": {
      "version": "0.2.2",
      "resolved": "https://registry.npmjs.org/cloud-env/-/cloud-env-0.2.2.tgz",
      "integrity": "sha1-cN+5m52o7R+/K/0U4vVjwRtWQdQ="
    },
    "config-chain": {
      "version": "1.1.11",
      "resolved": "https://registry.npmjs.org/config-chain/-/config-chain-1.1.11.tgz",
      "integrity": "sha1-q6CXR9++TD5w52am5BWG4YWfxvI=",
      "requires": {
        "ini": "1.3.5",
        "proto-list": "1.2.4"
      }
    },
    "config-multipaas": {
      "version": "0.2.2",
      "resolved": "https://registry.npmjs.org/config-multipaas/-/config-multipaas-0.2.2.tgz",
      "integrity": "sha1-F1XHxmlme+Qc25WZdBtqgXLH1wY=",
      "requires": {
        "cloud-env": "0.2.2",
        "config-chain": "1.1.11"
      }
    },
    "content-types": {
      "version": "0.1.0",
      "resolved": "https://registry.npmjs.org/content-types/-/content-types-0.1.0.tgz",
      "integrity": "sha1-DnkLOr/vkPbst3roWF25CZyvdXg=",
      "requires": {
        "iterators": "0.1.0"
      }
    },
    "cookies": {
      "version": "0.3.8",
      "resolved": "https://registry.npmjs.org/cookies/-/cookies-0.3.8.tgz",
      "integrity": "sha1-kv5QkY89Va7Erp2Xi83doq2ijOk="
    },
    "core-util-is": {
      "version": "1.0.2",
      "resolved": "https://registry.npmjs.org/core-util-is/-/core-util-is-1.0.2.tgz",
      "integrity": "sha1-tf1UIgqivFq1eqtxQMlAdUUDwac="
    },
    "error": {
      "version": "3.0.0",
      "resolved": "https://registry.npmjs.org/error/-/error-3.0.0.tgz",
      "integrity": "sha1-opV9z9AuZsztB8Eg0gtvv3+djXg=",
      "requires": {
        "string-template": "0.1.3",
        "xtend": "2.1.2"
      }
    },
    "fd": {
      "version": "0.0.2",
      "resolved": "https://registry.npmjs.org/fd/-/fd-0.0.2.tgz",
      "integrity": "sha1-4O2yvXqIzIbdnxY5HLqDJBj9h+4="
    },
    "graceful-fs": {
      "version": "4.1.11",
      "resolved": "https://registry.npmjs.org/graceful-fs/-/graceful-fs-4.1.11.tgz",
      "integrity": "sha1-Dovf5NHduIVNZOBOp8AOKgJuVlg=",
      "optional": true
    },
    "hammock": {
      "version": "0.1.10",
      "resolved": "https://registry.npmjs.org/hammock/-/hammock-0.1.10.tgz",
      "integrity": "sha1-6+Ss5uRySDGEgS0Sv5ccybbxS3w=",
      "requires": {
        "cookies": "0.3.8",
        "lodash": "2.4.2"
      }
    },
    "http-methods": {
      "version": "1.1.0",
      "resolved": "https://registry.npmjs.org/http-methods/-/http-methods-1.1.0.tgz",
      "integrity": "sha1-3ixbYOVxEviZ/IXxJz731W2Xuxo=",
      "requires": {
        "body": "0.1.0",
        "content-types": "0.1.0"
      }
    },
    "httperr": {
      "version": "0.5.0",
      "resolved": "https://registry.npmjs.org/httperr/-/httperr-0.5.0.tgz",
      "integrity": "sha1-/dfU7iLbCrXdtoziht6kADgRSFM="
    },
    "inherits": {
      "version": "2.0.3",
      "resolved": "https://registry.npmjs.org/inherits/-/inherits-2.0.3.tgz",
      "integrity": "sha1-Yzwsg+PaQqUC9SRmAiSA9CCCYd4="
    },
    "ini": {
      "version": "1.3.5",
      "resolved": "https://registry.npmjs.org/ini/-/ini-1.3.5.tgz",
      "integrity": "sha512-RZY5huIKCMRWDUqZlEi72f/lmXKMvuszcMBduliQ3nnWbx9X/ZBQO7DijMEYS9EhHBb2qacRUMtC7svLwe0lcw=="
    },
    "isarray": {
      "version": "1.0.0",
      "resolved": "https://registry.npmjs.org/isarray/-/isarray-1.0.0.tgz",
      "integrity": "sha1-u5NdSFgsuhaMBoNJV6VKPgcSTxE="
    },
    "iterators": {
      "version": "0.1.0",
      "resolved": "https://registry.npmjs.org/iterators/-/iterators-0.1.0.tgz",
      "integrity": "sha1-0D9mbKTmEwE4VlmXys6lQWQgMVY=",
      "requires": {
        "ap": "0.1.0"
      }
    },
    "json-stringify-safe": {
      "version": "5.0.1",
      "resolved": "https://registry.npmjs.org/json-stringify-safe/-/json-stringify-safe-5.0.1.tgz",
      "integrity": "sha1-Epai1Y/UXxmg9s4B1lcB4sc1tus="
    },
    "lodash": {
      "version": "2.4.2",
      "resolved": "https://registry.npmjs.org/lodash/-/lodash-2.4.2.tgz",
      "integrity": "sha1-+t2DS5aDBz2hebPq5tnA0VBT9z4="
    },
    "lru-cache": {
      "version": "4.1.1",
      "resolved": "https://registry.npmjs.org/lru-cache/-/lru-cache-4.1.1.tgz",
      "integrity": "sha512-q4spe4KTfsAS1SUHLO0wz8Qiyf1+vMIAgpRYioFYDMNqKfHQbg+AVDH3i4fvpl71/P1L0dBl+fQi+P37UYf0ew==",
      "requires": {
        "pseudomap": "1.0.2",
        "yallist": "2.1.2"
      }
    },
    "mime": {
      "version": "1.4.1",
      "resolved": "https://registry.npmjs.org/mime/-/mime-1.4.1.tgz",
      "integrity": "sha512-KI1+qOZu5DcW6wayYHSzR/tXKCDC5Om4s1z2QJjDULzLcmf3DvzS7oluY4HCTrc+9FiKmWUgeNLg7W3uIQvxtQ=="
    },
    "negotiator": {
      "version": "0.6.1",
      "resolved": "https://registry.npmjs.org/negotiator/-/negotiator-0.6.1.tgz",
      "integrity": "sha1-KzJxhOiZIQEXeyhWP7XnECrNDKk="
    },
    "object-keys": {
      "version": "0.4.0",
      "resolved": "https://registry.npmjs.org/object-keys/-/object-keys-0.4.0.tgz",
      "integrity": "sha1-KKaq50KN0sOpLz2V8hM13SBOAzY="
    },
    "patternfly": {
      "version": "3.35.0",
      "resolved": "https://registry.npmjs.org/patternfly/-/patternfly-3.35.0.tgz",
      "integrity": "sha1-L1pbEtuIqW/TUh36z1VS5v2YMwg=",
      "requires": {
        "bootstrap": "3.3.7",
        "bootstrap-datepicker": "1.6.4",
        "bootstrap-sass": "3.3.7",
        "bootstrap-select": "1.12.4",
        "bootstrap-slider": "9.10.0",
        "bootstrap-switch": "3.3.4",
        "bootstrap-touchspin": "3.1.1",
        "c3": "0.4.18",
        "d3": "3.5.17",
        "datatables.net": "1.10.16",
        "datatables.net-colreorder": "1.3.3",
        "datatables.net-colreorder-bs": "1.3.3",
        "datatables.net-select": "1.2.3",
        "drmonty-datatables-colvis": "1.1.2",
        "eonasdan-bootstrap-datetimepicker": "4.17.47",
        "font-awesome": "4.7.0",
        "font-awesome-sass": "4.7.0",
        "google-code-prettify": "1.0.5",
        "jquery": "3.2.1",
        "jquery-match-height": "0.7.2",
        "moment": "2.14.1",
        "moment-timezone": "0.4.1",
        "patternfly-bootstrap-combobox": "1.1.7",
        "patternfly-bootstrap-treeview": "2.1.5"
      },
      "dependencies": {
        "bootstrap": {
          "version": "3.3.7",
          "resolved": "https://registry.npmjs.org/bootstrap/-/bootstrap-3.3.7.tgz",
          "integrity": "sha1-WjiTlFSfIzMIdaOxUGVldPip63E="
        },
        "bootstrap-datepicker": {
          "version": "1.6.4",
          "resolved": "https://registry.npmjs.org/bootstrap-datepicker/-/bootstrap-datepicker-1.6.4.tgz",
          "integrity": "sha1-iJ6+ztjqov8V7B8nPksHUxzEPaA=",
          "optional": true,
          "requires": {
            "jquery": "3.2.1"
          }
        },
        "bootstrap-sass": {
          "version": "3.3.7",
          "resolved": "https://registry.npmjs.org/bootstrap-sass/-/bootstrap-sass-3.3.7.tgz",
          "integrity": "sha1-ZZbHq0D2Y3OTMjqwvIDQZPxjBJg=",
          "optional": true
        },
        "bootstrap-select": {
          "version": "1.12.4",
          "resolved": "https://registry.npmjs.org/bootstrap-select/-/bootstrap-select-1.12.4.tgz",
          "integrity": "sha1-fxXTwM6XiGjZwJxw+WYk9V+gLuE=",
          "optional": true,
          "requires": {
            "jquery": "3.2.1"
          }
        },
        "bootstrap-slider": {
          "version": "9.10.0",
          "resolved": "https://registry.npmjs.org/bootstrap-slider/-/bootstrap-slider-9.10.0.tgz",
          "integrity": "sha1-EQPWvADPv6jPyaJZmrUYxVZD2j8=",
          "optional": true
        },
        "bootstrap-switch": {
          "version": "3.3.4",
          "resolved": "https://registry.npmjs.org/bootstrap-switch/-/bootstrap-switch-3.3.4.tgz",
          "integrity": "sha1-cOCusqh3wNx2aZHeEI4hcPwpov8=",
          "optional": true
        },
        "bootstrap-touchspin": {
          "version": "3.1.1",
          "resolved": "https://registry.npmjs.org/bootstrap-touchspin/-/bootstrap-touchspin-3.1.1.tgz",
          "integrity": "sha1-l3nerHKq9Xfl52K4USx0fIcdlZc=",
          "optional": true
        },
        "c3": {
          "version": "0.4.18",
          "resolved": "https://registry.npmjs.org/c3/-/c3-0.4.18.tgz",
          "integrity": "sha512-37TiFeCrbe69gg7SxFpTBOLDwulnk+opKp1AFDi43mONtErpRoUIZfGSimGiSYQmNu6Zh9W2yNOx0066UikqSg==",
          "optional": true,
          "requires": {
            "d3": "3.5.17"
          }
        },
        "d3": {
          "version": "3.5.17",
          "resolved": "https://registry.npmjs.org/d3/-/d3-3.5.17.tgz",
          "integrity": "sha1-vEZ0gAQ3iyGjYMn8fPUjF5B2L7g=",
          "optional": true
        },
        "datatables.net": {
          "version": "1.10.16",
          "resolved": "https://registry.npmjs.org/datatables.net/-/datatables.net-1.10.16.tgz",
          "integrity": "sha1-SwUtEIKCQmG2ju2dInQbcR09JGk=",
          "requires": {
            "jquery": "3.2.1"
          }
        },
        "datatables.net-bs": {
          "version": "1.10.16",
          "resolved": "https://registry.npmjs.org/datatables.net-bs/-/datatables.net-bs-1.10.16.tgz",
          "integrity": "sha1-sIVPWzdPcTrj20FWx86op2DD3nY=",
          "optional": true,
          "requires": {
            "datatables.net": "1.10.16",
            "jquery": "3.2.1"
          }
        },
        "datatables.net-colreorder": {
          "version": "1.3.3",
          "resolved": "https://registry.npmjs.org/datatables.net-colreorder/-/datatables.net-colreorder-1.3.3.tgz",
          "integrity": "sha1-/HYuNQ+UIkyyzUXCuWImGg//73I=",
          "optional": true,
          "requires": {
            "datatables.net": "1.10.16",
            "jquery": "3.2.1"
          }
        },
        "datatables.net-colreorder-bs": {
          "version": "1.3.3",
          "resolved": "https://registry.npmjs.org/datatables.net-colreorder-bs/-/datatables.net-colreorder-bs-1.3.3.tgz",
          "integrity": "sha1-Op3LCN7r612FQHlZHgbkk615OlM=",
          "optional": true,
          "requires": {
            "datatables.net-bs": "1.10.16",
            "datatables.net-colreorder": "1.3.3",
            "jquery": "3.2.1"
          }
        },
        "datatables.net-select": {
          "version": "1.2.3",
          "resolved": "https://registry.npmjs.org/datatables.net-select/-/datatables.net-select-1.2.3.tgz",
          "integrity": "sha1-fCcugXMqQSFOEBtlb1Ul037Dcog=",
          "optional": true,
          "requires": {
            "datatables.net": "1.10.16",
            "jquery": "3.2.1"
          }
        },
        "drmonty-datatables-colvis": {
          "version": "1.1.2",
          "resolved": "https://registry.npmjs.org/drmonty-datatables-colvis/-/drmonty-datatables-colvis-1.1.2.tgz",
          "integrity": "sha1-lque37SGQ8wu3aP4e4iTPN7oEnw=",
          "optional": true,
          "requires": {
            "jquery": "3.2.1"
          }
        },
        "eonasdan-bootstrap-datetimepicker": {
          "version": "4.17.47",
          "resolved": "https://registry.npmjs.org/eonasdan-bootstrap-datetimepicker/-/eonasdan-bootstrap-datetimepicker-4.17.47.tgz",
          "integrity": "sha1-ekmXAEQGUnbnll79Fvgic1IZ5zU=",
          "optional": true,
          "requires": {
            "bootstrap": "3.3.7",
            "jquery": "3.2.1",
            "moment": "2.14.1",
            "moment-timezone": "0.4.1"
          }
        },
        "font-awesome": {
          "version": "4.7.0",
          "resolved": "https://registry.npmjs.org/font-awesome/-/font-awesome-4.7.0.tgz",
          "integrity": "sha1-j6jPBBGhoxr9B7BtKQK7n8gVoTM="
        },
        "font-awesome-sass": {
          "version": "4.7.0",
          "resolved": "https://registry.npmjs.org/font-awesome-sass/-/font-awesome-sass-4.7.0.tgz",
          "integrity": "sha1-TtppPpFQCc4Asijglk3F7Km8NOE=",
          "optional": true
        },
        "google-code-prettify": {
          "version": "1.0.5",
          "resolved": "https://registry.npmjs.org/google-code-prettify/-/google-code-prettify-1.0.5.tgz",
          "integrity": "sha1-n0d/Ik2/piNy5e+AOn4VdBBAAIQ=",
          "optional": true
        },
        "jquery": {
          "version": "3.2.1",
          "resolved": "https://registry.npmjs.org/jquery/-/jquery-3.2.1.tgz",
          "integrity": "sha1-XE2d5lKvbNCncBVKYxu6ErAVx4c="
        },
        "jquery-match-height": {
          "version": "0.7.2",
          "resolved": "https://registry.npmjs.org/jquery-match-height/-/jquery-match-height-0.7.2.tgz",
          "integrity": "sha1-+NnzulMU2qsQnPB0CGdL4gS+Xw4=",
          "optional": true
        },
        "moment": {
          "version": "2.14.1",
          "resolved": "https://registry.npmjs.org/moment/-/moment-2.14.1.tgz",
          "integrity": "sha1-s1snxH5X7S3ccAU9awe+zbKRdBw="
        },
        "moment-timezone": {
          "version": "0.4.1",
          "resolved": "https://registry.npmjs.org/moment-timezone/-/moment-timezone-0.4.1.tgz",
          "integrity": "sha1-gfWYw61eIs2teWtn7NjYjQ9bqgY=",
          "optional": true,
          "requires": {
            "moment": "2.14.1"
          }
        },
        "patternfly-bootstrap-combobox": {
          "version": "1.1.7",
          "resolved": "https://registry.npmjs.org/patternfly-bootstrap-combobox/-/patternfly-bootstrap-combobox-1.1.7.tgz",
          "integrity": "sha1-al48zRFwwhs8S0qhaKdBPh3btuE=",
          "optional": true
        },
        "patternfly-bootstrap-treeview": {
          "version": "2.1.5",
          "resolved": "https://registry.npmjs.org/patternfly-bootstrap-treeview/-/patternfly-bootstrap-treeview-2.1.5.tgz",
          "integrity": "sha1-TCnyWC+4ovKPCpKPLw0yTSHWmQ0=",
          "optional": true,
          "requires": {
            "bootstrap": "3.3.7",
            "jquery": "3.2.1"
          }
        }
      }
    },
    "phaser": {
      "version": "2.6.2",
      "resolved": "https://registry.npmjs.org/phaser/-/phaser-2.6.2.tgz",
      "integrity": "sha1-6zkSFyWiFJxJ9GtdFEMYwivAkkk="
    },
    "process-nextick-args": {
      "version": "1.0.7",
      "resolved": "https://registry.npmjs.org/process-nextick-args/-/process-nextick-args-1.0.7.tgz",
      "integrity": "sha1-FQ4gt1ZZCtP5EJPyWk8q2L/zC6M="
    },
    "proto-list": {
      "version": "1.2.4",
      "resolved": "https://registry.npmjs.org/proto-list/-/proto-list-1.2.4.tgz",
      "integrity": "sha1-IS1b/hMYMGpCD2QCuOJv85ZHqEk="
    },
    "pseudomap": {
      "version": "1.0.2",
      "resolved": "https://registry.npmjs.org/pseudomap/-/pseudomap-1.0.2.tgz",
      "integrity": "sha1-8FKijacOYYkX7wqKw0wa5aaChrM="
    },
    "readable-stream": {
      "version": "2.3.3",
      "resolved": "https://registry.npmjs.org/readable-stream/-/readable-stream-2.3.3.tgz",
      "integrity": "sha512-m+qzzcn7KUxEmd1gMbchF+Y2eIUbieUaxkWtptyHywrX0rE8QEYqPC07Vuy4Wm32/xE16NcdBctb8S0Xe/5IeQ==",
      "requires": {
        "core-util-is": "1.0.2",
        "inherits": "2.0.3",
        "isarray": "1.0.0",
        "process-nextick-args": "1.0.7",
        "safe-buffer": "5.1.1",
        "string_decoder": "1.0.3",
        "util-deprecate": "1.0.2"
      }
    },
    "routes": {
      "version": "2.1.0",
      "resolved": "https://registry.npmjs.org/routes/-/routes-2.1.0.tgz",
      "integrity": "sha1-R1VxGSpI+ZtsBl3ZJrt16K6D6KI="
    },
    "routes-router": {
      "version": "4.3.0",
      "resolved": "https://registry.npmjs.org/routes-router/-/routes-router-4.3.0.tgz",
      "integrity": "sha1-QDmwnU9AcgqAP6YtMX4h73r9TFQ=",
      "requires": {
        "error": "3.0.0",
        "hammock": "0.1.10",
        "http-methods": "1.1.0",
        "httperr": "0.5.0",
        "inherits": "2.0.3",
        "routes": "2.1.0",
        "send-data": "3.3.4",
        "xtend": "2.1.2"
      },
      "dependencies": {
        "send-data": {
          "version": "3.3.4",
          "resolved": "https://registry.npmjs.org/send-data/-/send-data-3.3.4.tgz",
          "integrity": "sha1-70hJXJvJiLbf8PYkVQEXmxoQzNk=",
          "requires": {
            "json-stringify-safe": "5.0.1",
            "xtend": "3.0.0"
          },
          "dependencies": {
            "xtend": {
              "version": "3.0.0",
              "resolved": "https://registry.npmjs.org/xtend/-/xtend-3.0.0.tgz",
              "integrity": "sha1-XM50B7r2Qsunvs2laBEcST9ZZlo="
            }
          }
        }
      }
    },
    "safe-buffer": {
      "version": "5.1.1",
      "resolved": "https://registry.npmjs.org/safe-buffer/-/safe-buffer-5.1.1.tgz",
      "integrity": "sha512-kKvNJn6Mm93gAczWVJg7wH+wGYWNrDHdWvpUmHyEsgCtIwwo3bqPtV4tR5tuPaUhTOo/kvhVwd8XwwOllGYkbg=="
    },
    "send-data": {
      "version": "8.0.0",
      "resolved": "https://registry.npmjs.org/send-data/-/send-data-8.0.0.tgz",
      "integrity": "sha1-g5jswfuklTR1eowXpI+lg8qqruw=",
      "requires": {
        "json-stringify-safe": "5.0.1",
        "xtend": "4.0.1"
      },
      "dependencies": {
        "xtend": {
          "version": "4.0.1",
          "resolved": "https://registry.npmjs.org/xtend/-/xtend-4.0.1.tgz",
          "integrity": "sha1-pcbVMr5lbiPbgg77lDofBJmNY68="
        }
      }
    },
    "st": {
      "version": "1.2.2",
      "resolved": "https://registry.npmjs.org/st/-/st-1.2.2.tgz",
      "integrity": "sha512-goKkumvz0BMLs6KjjPf5Fub/3T34tRVQxInUI5lqtbaKD+s4HcRlJYP2GPJ8RgAmrsnYOPGmOFEP6ho0KJ+E8g==",
      "requires": {
        "async-cache": "1.1.0",
        "bl": "1.2.1",
        "fd": "0.0.2",
        "graceful-fs": "4.1.11",
        "mime": "1.4.1",
        "negotiator": "0.6.1"
      }
    },
    "string-template": {
      "version": "0.1.3",
      "resolved": "https://registry.npmjs.org/string-template/-/string-template-0.1.3.tgz",
      "integrity": "sha1-tWjY6dZwlUZ7pal/MTgoW1dLV/E="
    },
    "string_decoder": {
      "version": "1.0.3",
      "resolved": "https://registry.npmjs.org/string_decoder/-/string_decoder-1.0.3.tgz",
      "integrity": "sha512-4AH6Z5fzNNBcH+6XDMfA/BTt87skxqJlO0lAh3Dker5zThcAxG6mKz+iGu308UKoPPQ8Dcqx/4JhujzltRa+hQ==",
      "requires": {
        "safe-buffer": "5.1.1"
      }
    },
    "util-deprecate": {
      "version": "1.0.2",
      "resolved": "https://registry.npmjs.org/util-deprecate/-/util-deprecate-1.0.2.tgz",
      "integrity": "sha1-RQ1Nyfpw3nMnYvvS1KKJgUGaDM8="
    },
    "xtend": {
      "version": "2.1.2",
      "resolved": "https://registry.npmjs.org/xtend/-/xtend-2.1.2.tgz",
      "integrity": "sha1-bv7MKk2tjmlixJAbM3znuoe10os=",
      "requires": {
        "object-keys": "0.4.0"
      }
    },
    "yallist": {
      "version": "2.1.2",
      "resolved": "https://registry.npmjs.org/yallist/-/yallist-2.1.2.tgz",
      "integrity": "sha1-HBH5IY8HYImkfdUS+TxmmaaoHVI="
    }
  }
}
